// !$*UTF8*$!
{
	archiveVersion = 1;
	classes = {
	};
	objectVersion = 56;
	objects = {

/* Begin PBXBuildFile section */
		5A237B782AF65FC9006C64DB /* SimpleViewModelApp.swift in Sources */ = {isa = PBXBuildFile; fileRef = 5A237B772AF65FC9006C64DB /* SimpleViewModelApp.swift */; };
		5A237B7A2AF65FC9006C64DB /* ContentView.swift in Sources */ = {isa = PBXBuildFile; fileRef = 5A237B792AF65FC9006C64DB /* ContentView.swift */; };
		5A237B7C2AF65FCB006C64DB /* Assets.xcassets in Resources */ = {isa = PBXBuildFile; fileRef = 5A237B7B2AF65FCB006C64DB /* Assets.xcassets */; };
		5A237B802AF65FCB006C64DB /* Preview Assets.xcassets in Resources */ = {isa = PBXBuildFile; fileRef = 5A237B7F2AF65FCB006C64DB /* Preview Assets.xcassets */; };
		5A237B8A2AF65FCB006C64DB /* SimpleViewModelTests.swift in Sources */ = {isa = PBXBuildFile; fileRef = 5A237B892AF65FCB006C64DB /* SimpleViewModelTests.swift */; };
		5A237B942AF65FCB006C64DB /* SimpleViewModelUITests.swift in Sources */ = {isa = PBXBuildFile; fileRef = 5A237B932AF65FCB006C64DB /* SimpleViewModelUITests.swift */; };
		5A237B962AF65FCB006C64DB /* SimpleViewModelUITestsLaunchTests.swift in Sources */ = {isa = PBXBuildFile; fileRef = 5A237B952AF65FCB006C64DB /* SimpleViewModelUITestsLaunchTests.swift */; };
		5A237BA42AF66097006C64DB /* ViewModel.swift in Sources */ = {isa = PBXBuildFile; fileRef = 5A237BA32AF66097006C64DB /* ViewModel.swift */; };
		5A237BA72AF660E8006C64DB /* ProductViewModel.swift in Sources */ = {isa = PBXBuildFile; fileRef = 5A237BA62AF660E8006C64DB /* ProductViewModel.swift */; };
		5A237BAB2AF66160006C64DB /* Product.swift in Sources */ = {isa = PBXBuildFile; fileRef = 5A237BAA2AF66160006C64DB /* Product.swift */; };
		5A237BAF2AF66179006C64DB /* Types.swift in Sources */ = {isa = PBXBuildFile; fileRef = 5A237BAE2AF66179006C64DB /* Types.swift */; };
		5A237BB12AF661A5006C64DB /* ProductViewController.swift in Sources */ = {isa = PBXBuildFile; fileRef = 5A237BB02AF661A5006C64DB /* ProductViewController.swift */; };
		5A237BB32AF66855006C64DB /* ViewModelInterface.swift in Sources */ = {isa = PBXBuildFile; fileRef = 5A237BB22AF66855006C64DB /* ViewModelInterface.swift */; };
		5A237BB52AF66BD0006C64DB /* ProductViewController.storyboard in Resources */ = {isa = PBXBuildFile; fileRef = 5A237BB42AF66BD0006C64DB /* ProductViewController.storyboard */; };
		5A237BB72AF66E21006C64DB /* SKUView.xib in Resources */ = {isa = PBXBuildFile; fileRef = 5A237BB62AF66E21006C64DB /* SKUView.xib */; };
		5A237BB92AF66E4B006C64DB /* SKUView.swift in Sources */ = {isa = PBXBuildFile; fileRef = 5A237BB82AF66E4B006C64DB /* SKUView.swift */; };
		5A237BBC2AF66F46006C64DB /* UIView+Extensions.swift in Sources */ = {isa = PBXBuildFile; fileRef = 5A237BBB2AF66F46006C64DB /* UIView+Extensions.swift */; };
		5A237BBE2AF66F80006C64DB /* ViewIdentifiable.swift in Sources */ = {isa = PBXBuildFile; fileRef = 5A237BBD2AF66F80006C64DB /* ViewIdentifiable.swift */; };
		5A237BC02AF67009006C64DB /* SKUViewModel.swift in Sources */ = {isa = PBXBuildFile; fileRef = 5A237BBF2AF67009006C64DB /* SKUViewModel.swift */; };
		5A237BC22AF68197006C64DB /* ProductViewController+SwiftUI.swift in Sources */ = {isa = PBXBuildFile; fileRef = 5A237BC12AF68197006C64DB /* ProductViewController+SwiftUI.swift */; };
		5A7D9EB12AF7EFC100259341 /* TestViewModelInterface.swift in Sources */ = {isa = PBXBuildFile; fileRef = 5A7D9EAF2AF7EE6C00259341 /* TestViewModelInterface.swift */; };
		5A7D9EB32AF7F01F00259341 /* AppError.swift in Sources */ = {isa = PBXBuildFile; fileRef = 5A7D9EB22AF7F01F00259341 /* AppError.swift */; };
		89301DB43C78CBDEE9A14233 /* Pods_SimpleViewModel.framework in Frameworks */ = {isa = PBXBuildFile; fileRef = C43BD2B75F24A72F5B0296D0 /* Pods_SimpleViewModel.framework */; };
		982BCCD8BE3B6E0CCB9FE47E /* Pods_SimpleViewModelTests.framework in Frameworks */ = {isa = PBXBuildFile; fileRef = 521BDAD77FB15CB07FD3BF46 /* Pods_SimpleViewModelTests.framework */; };
		9AA578E22C1CE201001BBCE6 /* CartService.swift in Sources */ = {isa = PBXBuildFile; fileRef = 9AA578E12C1CE201001BBCE6 /* CartService.swift */; };
		9AA578E42C1CE223001BBCE6 /* CartProvider.swift in Sources */ = {isa = PBXBuildFile; fileRef = 9AA578E32C1CE223001BBCE6 /* CartProvider.swift */; };
		9AA578E62C1CE329001BBCE6 /* SimpleViewModelAsyncTaskTests.swift in Sources */ = {isa = PBXBuildFile; fileRef = 9AA578E52C1CE329001BBCE6 /* SimpleViewModelAsyncTaskTests.swift */; };
		9AA578E82C1CE6B0001BBCE6 /* TestAssembly.swift in Sources */ = {isa = PBXBuildFile; fileRef = 9AA578E72C1CE6B0001BBCE6 /* TestAssembly.swift */; };
		9AA578EA2C1D22E5001BBCE6 /* AsyncTask.swift in Sources */ = {isa = PBXBuildFile; fileRef = 9AA578E92C1D22E4001BBCE6 /* AsyncTask.swift */; };
		9AA578EC2C1DDADF001BBCE6 /* SimpleViewModelAsyncTests.swift in Sources */ = {isa = PBXBuildFile; fileRef = 9AA578EB2C1DDADF001BBCE6 /* SimpleViewModelAsyncTests.swift */; };
		9AA578EE2C1DE03E001BBCE6 /* VMLogger.swift in Sources */ = {isa = PBXBuildFile; fileRef = 9AA578ED2C1DE03E001BBCE6 /* VMLogger.swift */; };
		A26295C42AFAAC2300DFBAE1 /* CheckoutService.swift in Sources */ = {isa = PBXBuildFile; fileRef = A26295C32AFAAC2300DFBAE1 /* CheckoutService.swift */; };
		A26295C62AFAAE4800DFBAE1 /* Cart.swift in Sources */ = {isa = PBXBuildFile; fileRef = A26295C52AFAAE4800DFBAE1 /* Cart.swift */; };
		A26295C82AFAAF5A00DFBAE1 /* FeatureFlags.swift in Sources */ = {isa = PBXBuildFile; fileRef = A26295C72AFAAF5A00DFBAE1 /* FeatureFlags.swift */; };
		A26295CB2AFAC8D900DFBAE1 /* TestWaiter.swift in Sources */ = {isa = PBXBuildFile; fileRef = A26295C92AFAC8D200DFBAE1 /* TestWaiter.swift */; };
		A26295CD2AFACDA700DFBAE1 /* Debouncer.swift in Sources */ = {isa = PBXBuildFile; fileRef = A26295CC2AFACDA700DFBAE1 /* Debouncer.swift */; };
		A26295D12AFAD37D00DFBAE1 /* Array+Extensions.swift in Sources */ = {isa = PBXBuildFile; fileRef = A26295D02AFAD37D00DFBAE1 /* Array+Extensions.swift */; };
		A28417BF2AF73F0500589D77 /* ProductService.swift in Sources */ = {isa = PBXBuildFile; fileRef = A28417BE2AF73F0500589D77 /* ProductService.swift */; };
		A28417C82AF7468500589D77 /* Assembly.swift in Sources */ = {isa = PBXBuildFile; fileRef = A28417C72AF7468500589D77 /* Assembly.swift */; };
		A28417CC2AF7473C00589D77 /* Dependency.swift in Sources */ = {isa = PBXBuildFile; fileRef = A28417CB2AF7473C00589D77 /* Dependency.swift */; };
		A28417CE2AF74CD200589D77 /* UIStackView+Extensions.swift in Sources */ = {isa = PBXBuildFile; fileRef = A28417CD2AF74CD200589D77 /* UIStackView+Extensions.swift */; };
/* End PBXBuildFile section */

/* Begin PBXContainerItemProxy section */
		5A237B862AF65FCB006C64DB /* PBXContainerItemProxy */ = {
			isa = PBXContainerItemProxy;
			containerPortal = 5A237B6C2AF65FC9006C64DB /* Project object */;
			proxyType = 1;
			remoteGlobalIDString = 5A237B732AF65FC9006C64DB;
			remoteInfo = SimpleViewModel;
		};
		5A237B902AF65FCB006C64DB /* PBXContainerItemProxy */ = {
			isa = PBXContainerItemProxy;
			containerPortal = 5A237B6C2AF65FC9006C64DB /* Project object */;
			proxyType = 1;
			remoteGlobalIDString = 5A237B732AF65FC9006C64DB;
			remoteInfo = SimpleViewModel;
		};
/* End PBXContainerItemProxy section */

/* Begin PBXFileReference section */
		50E24F6DAC70CBFB8A7E371A /* Pods-SimpleViewModel.release.xcconfig */ = {isa = PBXFileReference; includeInIndex = 1; lastKnownFileType = text.xcconfig; name = "Pods-SimpleViewModel.release.xcconfig"; path = "Target Support Files/Pods-SimpleViewModel/Pods-SimpleViewModel.release.xcconfig"; sourceTree = "<group>"; };
		521BDAD77FB15CB07FD3BF46 /* Pods_SimpleViewModelTests.framework */ = {isa = PBXFileReference; explicitFileType = wrapper.framework; includeInIndex = 0; path = Pods_SimpleViewModelTests.framework; sourceTree = BUILT_PRODUCTS_DIR; };
		5A237B742AF65FC9006C64DB /* SimpleViewModel.app */ = {isa = PBXFileReference; explicitFileType = wrapper.application; includeInIndex = 0; path = SimpleViewModel.app; sourceTree = BUILT_PRODUCTS_DIR; };
		5A237B772AF65FC9006C64DB /* SimpleViewModelApp.swift */ = {isa = PBXFileReference; lastKnownFileType = sourcecode.swift; path = SimpleViewModelApp.swift; sourceTree = "<group>"; };
		5A237B792AF65FC9006C64DB /* ContentView.swift */ = {isa = PBXFileReference; lastKnownFileType = sourcecode.swift; path = ContentView.swift; sourceTree = "<group>"; };
		5A237B7B2AF65FCB006C64DB /* Assets.xcassets */ = {isa = PBXFileReference; lastKnownFileType = folder.assetcatalog; path = Assets.xcassets; sourceTree = "<group>"; };
		5A237B7D2AF65FCB006C64DB /* SimpleViewModel.entitlements */ = {isa = PBXFileReference; lastKnownFileType = text.plist.entitlements; path = SimpleViewModel.entitlements; sourceTree = "<group>"; };
		5A237B7F2AF65FCB006C64DB /* Preview Assets.xcassets */ = {isa = PBXFileReference; lastKnownFileType = folder.assetcatalog; path = "Preview Assets.xcassets"; sourceTree = "<group>"; };
		5A237B852AF65FCB006C64DB /* SimpleViewModelTests.xctest */ = {isa = PBXFileReference; explicitFileType = wrapper.cfbundle; includeInIndex = 0; path = SimpleViewModelTests.xctest; sourceTree = BUILT_PRODUCTS_DIR; };
		5A237B892AF65FCB006C64DB /* SimpleViewModelTests.swift */ = {isa = PBXFileReference; lastKnownFileType = sourcecode.swift; path = SimpleViewModelTests.swift; sourceTree = "<group>"; };
		5A237B8F2AF65FCB006C64DB /* SimpleViewModelUITests.xctest */ = {isa = PBXFileReference; explicitFileType = wrapper.cfbundle; includeInIndex = 0; path = SimpleViewModelUITests.xctest; sourceTree = BUILT_PRODUCTS_DIR; };
		5A237B932AF65FCB006C64DB /* SimpleViewModelUITests.swift */ = {isa = PBXFileReference; lastKnownFileType = sourcecode.swift; path = SimpleViewModelUITests.swift; sourceTree = "<group>"; };
		5A237B952AF65FCB006C64DB /* SimpleViewModelUITestsLaunchTests.swift */ = {isa = PBXFileReference; lastKnownFileType = sourcecode.swift; path = SimpleViewModelUITestsLaunchTests.swift; sourceTree = "<group>"; };
		5A237BA32AF66097006C64DB /* ViewModel.swift */ = {isa = PBXFileReference; lastKnownFileType = sourcecode.swift; path = ViewModel.swift; sourceTree = "<group>"; };
		5A237BA62AF660E8006C64DB /* ProductViewModel.swift */ = {isa = PBXFileReference; lastKnownFileType = sourcecode.swift; path = ProductViewModel.swift; sourceTree = "<group>"; };
		5A237BAA2AF66160006C64DB /* Product.swift */ = {isa = PBXFileReference; lastKnownFileType = sourcecode.swift; path = Product.swift; sourceTree = "<group>"; };
		5A237BAE2AF66179006C64DB /* Types.swift */ = {isa = PBXFileReference; lastKnownFileType = sourcecode.swift; path = Types.swift; sourceTree = "<group>"; };
		5A237BB02AF661A5006C64DB /* ProductViewController.swift */ = {isa = PBXFileReference; lastKnownFileType = sourcecode.swift; path = ProductViewController.swift; sourceTree = "<group>"; };
		5A237BB22AF66855006C64DB /* ViewModelInterface.swift */ = {isa = PBXFileReference; lastKnownFileType = sourcecode.swift; path = ViewModelInterface.swift; sourceTree = "<group>"; };
		5A237BB42AF66BD0006C64DB /* ProductViewController.storyboard */ = {isa = PBXFileReference; lastKnownFileType = file.storyboard; path = ProductViewController.storyboard; sourceTree = "<group>"; };
		5A237BB62AF66E21006C64DB /* SKUView.xib */ = {isa = PBXFileReference; lastKnownFileType = file.xib; path = SKUView.xib; sourceTree = "<group>"; };
		5A237BB82AF66E4B006C64DB /* SKUView.swift */ = {isa = PBXFileReference; lastKnownFileType = sourcecode.swift; path = SKUView.swift; sourceTree = "<group>"; };
		5A237BBB2AF66F46006C64DB /* UIView+Extensions.swift */ = {isa = PBXFileReference; lastKnownFileType = sourcecode.swift; path = "UIView+Extensions.swift"; sourceTree = "<group>"; };
		5A237BBD2AF66F80006C64DB /* ViewIdentifiable.swift */ = {isa = PBXFileReference; lastKnownFileType = sourcecode.swift; path = ViewIdentifiable.swift; sourceTree = "<group>"; };
		5A237BBF2AF67009006C64DB /* SKUViewModel.swift */ = {isa = PBXFileReference; lastKnownFileType = sourcecode.swift; path = SKUViewModel.swift; sourceTree = "<group>"; };
		5A237BC12AF68197006C64DB /* ProductViewController+SwiftUI.swift */ = {isa = PBXFileReference; lastKnownFileType = sourcecode.swift; path = "ProductViewController+SwiftUI.swift"; sourceTree = "<group>"; };
		5A7D9EAF2AF7EE6C00259341 /* TestViewModelInterface.swift */ = {isa = PBXFileReference; lastKnownFileType = sourcecode.swift; path = TestViewModelInterface.swift; sourceTree = "<group>"; };
		5A7D9EB22AF7F01F00259341 /* AppError.swift */ = {isa = PBXFileReference; lastKnownFileType = sourcecode.swift; path = AppError.swift; sourceTree = "<group>"; };
		87EFCB4A5B7B44A5D606D3E5 /* Pods-SimpleViewModelTests.release.xcconfig */ = {isa = PBXFileReference; includeInIndex = 1; lastKnownFileType = text.xcconfig; name = "Pods-SimpleViewModelTests.release.xcconfig"; path = "Target Support Files/Pods-SimpleViewModelTests/Pods-SimpleViewModelTests.release.xcconfig"; sourceTree = "<group>"; };
		9AA578E12C1CE201001BBCE6 /* CartService.swift */ = {isa = PBXFileReference; lastKnownFileType = sourcecode.swift; path = CartService.swift; sourceTree = "<group>"; };
		9AA578E32C1CE223001BBCE6 /* CartProvider.swift */ = {isa = PBXFileReference; lastKnownFileType = sourcecode.swift; name = CartProvider.swift; path = SimpleViewModel/Network/CartProvider.swift; sourceTree = SOURCE_ROOT; };
		9AA578E52C1CE329001BBCE6 /* SimpleViewModelAsyncTaskTests.swift */ = {isa = PBXFileReference; lastKnownFileType = sourcecode.swift; path = SimpleViewModelAsyncTaskTests.swift; sourceTree = "<group>"; };
		9AA578E72C1CE6B0001BBCE6 /* TestAssembly.swift */ = {isa = PBXFileReference; lastKnownFileType = sourcecode.swift; path = TestAssembly.swift; sourceTree = "<group>"; };
		9AA578E92C1D22E4001BBCE6 /* AsyncTask.swift */ = {isa = PBXFileReference; lastKnownFileType = sourcecode.swift; path = AsyncTask.swift; sourceTree = "<group>"; };
		9AA578EB2C1DDADF001BBCE6 /* SimpleViewModelAsyncTests.swift */ = {isa = PBXFileReference; lastKnownFileType = sourcecode.swift; path = SimpleViewModelAsyncTests.swift; sourceTree = "<group>"; };
		9AA578ED2C1DE03E001BBCE6 /* VMLogger.swift */ = {isa = PBXFileReference; lastKnownFileType = sourcecode.swift; path = VMLogger.swift; sourceTree = "<group>"; };
		A26295C32AFAAC2300DFBAE1 /* CheckoutService.swift */ = {isa = PBXFileReference; lastKnownFileType = sourcecode.swift; path = CheckoutService.swift; sourceTree = "<group>"; };
		A26295C52AFAAE4800DFBAE1 /* Cart.swift */ = {isa = PBXFileReference; lastKnownFileType = sourcecode.swift; path = Cart.swift; sourceTree = "<group>"; };
		A26295C72AFAAF5A00DFBAE1 /* FeatureFlags.swift */ = {isa = PBXFileReference; lastKnownFileType = sourcecode.swift; path = FeatureFlags.swift; sourceTree = "<group>"; };
		A26295C92AFAC8D200DFBAE1 /* TestWaiter.swift */ = {isa = PBXFileReference; lastKnownFileType = sourcecode.swift; path = TestWaiter.swift; sourceTree = "<group>"; };
		A26295CC2AFACDA700DFBAE1 /* Debouncer.swift */ = {isa = PBXFileReference; lastKnownFileType = sourcecode.swift; path = Debouncer.swift; sourceTree = "<group>"; };
		A26295D02AFAD37D00DFBAE1 /* Array+Extensions.swift */ = {isa = PBXFileReference; lastKnownFileType = sourcecode.swift; path = "Array+Extensions.swift"; sourceTree = "<group>"; };
		A28417BE2AF73F0500589D77 /* ProductService.swift */ = {isa = PBXFileReference; lastKnownFileType = sourcecode.swift; path = ProductService.swift; sourceTree = "<group>"; };
		A28417C72AF7468500589D77 /* Assembly.swift */ = {isa = PBXFileReference; lastKnownFileType = sourcecode.swift; path = Assembly.swift; sourceTree = "<group>"; };
		A28417CB2AF7473C00589D77 /* Dependency.swift */ = {isa = PBXFileReference; lastKnownFileType = sourcecode.swift; path = Dependency.swift; sourceTree = "<group>"; };
		A28417CD2AF74CD200589D77 /* UIStackView+Extensions.swift */ = {isa = PBXFileReference; lastKnownFileType = sourcecode.swift; path = "UIStackView+Extensions.swift"; sourceTree = "<group>"; };
		C43BD2B75F24A72F5B0296D0 /* Pods_SimpleViewModel.framework */ = {isa = PBXFileReference; explicitFileType = wrapper.framework; includeInIndex = 0; path = Pods_SimpleViewModel.framework; sourceTree = BUILT_PRODUCTS_DIR; };
		C45C2677D817F53D954C2224 /* Pods-SimpleViewModelTests.debug.xcconfig */ = {isa = PBXFileReference; includeInIndex = 1; lastKnownFileType = text.xcconfig; name = "Pods-SimpleViewModelTests.debug.xcconfig"; path = "Target Support Files/Pods-SimpleViewModelTests/Pods-SimpleViewModelTests.debug.xcconfig"; sourceTree = "<group>"; };
		D9D2E19A8A5AED076275DB4F /* Pods-SimpleViewModel.debug.xcconfig */ = {isa = PBXFileReference; includeInIndex = 1; lastKnownFileType = text.xcconfig; name = "Pods-SimpleViewModel.debug.xcconfig"; path = "Target Support Files/Pods-SimpleViewModel/Pods-SimpleViewModel.debug.xcconfig"; sourceTree = "<group>"; };
/* End PBXFileReference section */

/* Begin PBXFrameworksBuildPhase section */
		5A237B712AF65FC9006C64DB /* Frameworks */ = {
			isa = PBXFrameworksBuildPhase;
			buildActionMask = 2147483647;
			files = (
				89301DB43C78CBDEE9A14233 /* Pods_SimpleViewModel.framework in Frameworks */,
			);
			runOnlyForDeploymentPostprocessing = 0;
		};
		5A237B822AF65FCB006C64DB /* Frameworks */ = {
			isa = PBXFrameworksBuildPhase;
			buildActionMask = 2147483647;
			files = (
				982BCCD8BE3B6E0CCB9FE47E /* Pods_SimpleViewModelTests.framework in Frameworks */,
			);
			runOnlyForDeploymentPostprocessing = 0;
		};
		5A237B8C2AF65FCB006C64DB /* Frameworks */ = {
			isa = PBXFrameworksBuildPhase;
			buildActionMask = 2147483647;
			files = (
			);
			runOnlyForDeploymentPostprocessing = 0;
		};
/* End PBXFrameworksBuildPhase section */

/* Begin PBXGroup section */
		580CAA31DAE272EBA0A7A87B /* Frameworks */ = {
			isa = PBXGroup;
			children = (
				C43BD2B75F24A72F5B0296D0 /* Pods_SimpleViewModel.framework */,
				521BDAD77FB15CB07FD3BF46 /* Pods_SimpleViewModelTests.framework */,
			);
			name = Frameworks;
			sourceTree = "<group>";
		};
		5A237B6B2AF65FC9006C64DB = {
			isa = PBXGroup;
			children = (
				5A237B762AF65FC9006C64DB /* SimpleViewModel */,
				5A237B882AF65FCB006C64DB /* SimpleViewModelTests */,
				5A237B922AF65FCB006C64DB /* SimpleViewModelUITests */,
				5A237B752AF65FC9006C64DB /* Products */,
				9FA0AA18CB5275455E8852A4 /* Pods */,
				580CAA31DAE272EBA0A7A87B /* Frameworks */,
			);
			sourceTree = "<group>";
		};
		5A237B752AF65FC9006C64DB /* Products */ = {
			isa = PBXGroup;
			children = (
				5A237B742AF65FC9006C64DB /* SimpleViewModel.app */,
				5A237B852AF65FCB006C64DB /* SimpleViewModelTests.xctest */,
				5A237B8F2AF65FCB006C64DB /* SimpleViewModelUITests.xctest */,
			);
			name = Products;
			sourceTree = "<group>";
		};
		5A237B762AF65FC9006C64DB /* SimpleViewModel */ = {
			isa = PBXGroup;
			children = (
				A28417CA2AF7472400589D77 /* App */,
				5A237BA92AF6614F006C64DB /* Domain */,
				A28417C92AF7471800589D77 /* Foundation */,
				A28417BB2AF73B4500589D77 /* Network */,
				5A237BBA2AF66F2D006C64DB /* UI */,
				5A237BA22AF6608C006C64DB /* ViewModel */,
				5A237B7B2AF65FCB006C64DB /* Assets.xcassets */,
				5A237B7D2AF65FCB006C64DB /* SimpleViewModel.entitlements */,
				5A237B7E2AF65FCB006C64DB /* Preview Content */,
			);
			path = SimpleViewModel;
			sourceTree = "<group>";
		};
		5A237B7E2AF65FCB006C64DB /* Preview Content */ = {
			isa = PBXGroup;
			children = (
				5A237B7F2AF65FCB006C64DB /* Preview Assets.xcassets */,
			);
			path = "Preview Content";
			sourceTree = "<group>";
		};
		5A237B882AF65FCB006C64DB /* SimpleViewModelTests */ = {
			isa = PBXGroup;
			children = (
				5A237B892AF65FCB006C64DB /* SimpleViewModelTests.swift */,
				9AA578E52C1CE329001BBCE6 /* SimpleViewModelAsyncTaskTests.swift */,
				9AA578E72C1CE6B0001BBCE6 /* TestAssembly.swift */,
				9AA578EB2C1DDADF001BBCE6 /* SimpleViewModelAsyncTests.swift */,
			);
			path = SimpleViewModelTests;
			sourceTree = "<group>";
		};
		5A237B922AF65FCB006C64DB /* SimpleViewModelUITests */ = {
			isa = PBXGroup;
			children = (
				5A237B932AF65FCB006C64DB /* SimpleViewModelUITests.swift */,
				5A237B952AF65FCB006C64DB /* SimpleViewModelUITestsLaunchTests.swift */,
			);
			path = SimpleViewModelUITests;
			sourceTree = "<group>";
		};
		5A237BA22AF6608C006C64DB /* ViewModel */ = {
			isa = PBXGroup;
			children = (
				9AA578E92C1D22E4001BBCE6 /* AsyncTask.swift */,
				A26295CC2AFACDA700DFBAE1 /* Debouncer.swift */,
				5A7D9EAF2AF7EE6C00259341 /* TestViewModelInterface.swift */,
				A26295C92AFAC8D200DFBAE1 /* TestWaiter.swift */,
				5A237BA32AF66097006C64DB /* ViewModel.swift */,
				5A237BB22AF66855006C64DB /* ViewModelInterface.swift */,
				9AA578ED2C1DE03E001BBCE6 /* VMLogger.swift */,
			);
			path = ViewModel;
			sourceTree = "<group>";
		};
		5A237BA52AF660DB006C64DB /* ProductPage */ = {
			isa = PBXGroup;
			children = (
				5A237BC42AF68331006C64DB /* SKU */,
				5A237BB42AF66BD0006C64DB /* ProductViewController.storyboard */,
				5A237BB02AF661A5006C64DB /* ProductViewController.swift */,
				5A237BC12AF68197006C64DB /* ProductViewController+SwiftUI.swift */,
				5A237BA62AF660E8006C64DB /* ProductViewModel.swift */,
			);
			path = ProductPage;
			sourceTree = "<group>";
		};
		5A237BA82AF66146006C64DB /* Features */ = {
			isa = PBXGroup;
			children = (
				5A237BA52AF660DB006C64DB /* ProductPage */,
			);
			path = Features;
			sourceTree = "<group>";
		};
		5A237BA92AF6614F006C64DB /* Domain */ = {
			isa = PBXGroup;
			children = (
				A28417C62AF7416100589D77 /* Providers */,
				A28417C52AF7415A00589D77 /* Models */,
			);
			path = Domain;
			sourceTree = "<group>";
		};
		5A237BBA2AF66F2D006C64DB /* UI */ = {
			isa = PBXGroup;
			children = (
				A28417CD2AF74CD200589D77 /* UIStackView+Extensions.swift */,
				5A237BBB2AF66F46006C64DB /* UIView+Extensions.swift */,
				5A237BBD2AF66F80006C64DB /* ViewIdentifiable.swift */,
			);
			path = UI;
			sourceTree = "<group>";
		};
		5A237BC42AF68331006C64DB /* SKU */ = {
			isa = PBXGroup;
			children = (
				5A237BB62AF66E21006C64DB /* SKUView.xib */,
				5A237BB82AF66E4B006C64DB /* SKUView.swift */,
				5A237BBF2AF67009006C64DB /* SKUViewModel.swift */,
			);
			path = SKU;
			sourceTree = "<group>";
		};
		9FA0AA18CB5275455E8852A4 /* Pods */ = {
			isa = PBXGroup;
			children = (
				D9D2E19A8A5AED076275DB4F /* Pods-SimpleViewModel.debug.xcconfig */,
				50E24F6DAC70CBFB8A7E371A /* Pods-SimpleViewModel.release.xcconfig */,
				C45C2677D817F53D954C2224 /* Pods-SimpleViewModelTests.debug.xcconfig */,
				87EFCB4A5B7B44A5D606D3E5 /* Pods-SimpleViewModelTests.release.xcconfig */,
			);
			path = Pods;
			sourceTree = "<group>";
		};
		A28417BB2AF73B4500589D77 /* Network */ = {
			isa = PBXGroup;
			children = (
				9AA578E12C1CE201001BBCE6 /* CartService.swift */,
				A26295C32AFAAC2300DFBAE1 /* CheckoutService.swift */,
				A28417BE2AF73F0500589D77 /* ProductService.swift */,
			);
			path = Network;
			sourceTree = "<group>";
		};
		A28417C52AF7415A00589D77 /* Models */ = {
			isa = PBXGroup;
			children = (
				A26295C52AFAAE4800DFBAE1 /* Cart.swift */,
				A26295C72AFAAF5A00DFBAE1 /* FeatureFlags.swift */,
				5A237BAA2AF66160006C64DB /* Product.swift */,
				5A237BAE2AF66179006C64DB /* Types.swift */,
			);
			path = Models;
			sourceTree = "<group>";
		};
		A28417C62AF7416100589D77 /* Providers */ = {
			isa = PBXGroup;
			children = (
				9AA578E32C1CE223001BBCE6 /* CartProvider.swift */,
			);
			path = Providers;
			sourceTree = "<group>";
		};
		A28417C92AF7471800589D77 /* Foundation */ = {
			isa = PBXGroup;
			children = (
				5A7D9EB22AF7F01F00259341 /* AppError.swift */,
				A26295D02AFAD37D00DFBAE1 /* Array+Extensions.swift */,
				A28417CB2AF7473C00589D77 /* Dependency.swift */,
			);
			path = Foundation;
			sourceTree = "<group>";
		};
		A28417CA2AF7472400589D77 /* App */ = {
			isa = PBXGroup;
			children = (
				A28417C72AF7468500589D77 /* Assembly.swift */,
				5A237B772AF65FC9006C64DB /* SimpleViewModelApp.swift */,
				5A237B792AF65FC9006C64DB /* ContentView.swift */,
				5A237BA82AF66146006C64DB /* Features */,
			);
			path = App;
			sourceTree = "<group>";
		};
/* End PBXGroup section */

/* Begin PBXNativeTarget section */
		5A237B732AF65FC9006C64DB /* SimpleViewModel */ = {
			isa = PBXNativeTarget;
			buildConfigurationList = 5A237B992AF65FCB006C64DB /* Build configuration list for PBXNativeTarget "SimpleViewModel" */;
			buildPhases = (
				D2591E8146D8B8AB07B45C0C /* [CP] Check Pods Manifest.lock */,
				5A237B702AF65FC9006C64DB /* Sources */,
				5A237B712AF65FC9006C64DB /* Frameworks */,
				5A237B722AF65FC9006C64DB /* Resources */,
				2A2A40649F3E43667DC1569A /* [CP] Embed Pods Frameworks */,
			);
			buildRules = (
			);
			dependencies = (
			);
			name = SimpleViewModel;
			productName = SimpleViewModel;
			productReference = 5A237B742AF65FC9006C64DB /* SimpleViewModel.app */;
			productType = "com.apple.product-type.application";
		};
		5A237B842AF65FCB006C64DB /* SimpleViewModelTests */ = {
			isa = PBXNativeTarget;
			buildConfigurationList = 5A237B9C2AF65FCB006C64DB /* Build configuration list for PBXNativeTarget "SimpleViewModelTests" */;
			buildPhases = (
				645F35974711B7687461EF24 /* [CP] Check Pods Manifest.lock */,
				5A237B812AF65FCB006C64DB /* Sources */,
				5A237B822AF65FCB006C64DB /* Frameworks */,
				5A237B832AF65FCB006C64DB /* Resources */,
				4E1F9F0ABEC20B160E6E3060 /* [CP] Embed Pods Frameworks */,
			);
			buildRules = (
			);
			dependencies = (
				5A237B872AF65FCB006C64DB /* PBXTargetDependency */,
			);
			name = SimpleViewModelTests;
			productName = SimpleViewModelTests;
			productReference = 5A237B852AF65FCB006C64DB /* SimpleViewModelTests.xctest */;
			productType = "com.apple.product-type.bundle.unit-test";
		};
		5A237B8E2AF65FCB006C64DB /* SimpleViewModelUITests */ = {
			isa = PBXNativeTarget;
			buildConfigurationList = 5A237B9F2AF65FCB006C64DB /* Build configuration list for PBXNativeTarget "SimpleViewModelUITests" */;
			buildPhases = (
				5A237B8B2AF65FCB006C64DB /* Sources */,
				5A237B8C2AF65FCB006C64DB /* Frameworks */,
				5A237B8D2AF65FCB006C64DB /* Resources */,
			);
			buildRules = (
			);
			dependencies = (
				5A237B912AF65FCB006C64DB /* PBXTargetDependency */,
			);
			name = SimpleViewModelUITests;
			productName = SimpleViewModelUITests;
			productReference = 5A237B8F2AF65FCB006C64DB /* SimpleViewModelUITests.xctest */;
			productType = "com.apple.product-type.bundle.ui-testing";
		};
/* End PBXNativeTarget section */

/* Begin PBXProject section */
		5A237B6C2AF65FC9006C64DB /* Project object */ = {
			isa = PBXProject;
			attributes = {
				BuildIndependentTargetsInParallel = 1;
				LastSwiftUpdateCheck = 1500;
				LastUpgradeCheck = 1500;
				TargetAttributes = {
					5A237B732AF65FC9006C64DB = {
						CreatedOnToolsVersion = 15.0.1;
					};
					5A237B842AF65FCB006C64DB = {
						CreatedOnToolsVersion = 15.0.1;
						TestTargetID = 5A237B732AF65FC9006C64DB;
					};
					5A237B8E2AF65FCB006C64DB = {
						CreatedOnToolsVersion = 15.0.1;
						TestTargetID = 5A237B732AF65FC9006C64DB;
					};
				};
			};
			buildConfigurationList = 5A237B6F2AF65FC9006C64DB /* Build configuration list for PBXProject "SimpleViewModel" */;
			compatibilityVersion = "Xcode 14.0";
			developmentRegion = en;
			hasScannedForEncodings = 0;
			knownRegions = (
				en,
				Base,
			);
			mainGroup = 5A237B6B2AF65FC9006C64DB;
			productRefGroup = 5A237B752AF65FC9006C64DB /* Products */;
			projectDirPath = "";
			projectRoot = "";
			targets = (
				5A237B732AF65FC9006C64DB /* SimpleViewModel */,
				5A237B842AF65FCB006C64DB /* SimpleViewModelTests */,
				5A237B8E2AF65FCB006C64DB /* SimpleViewModelUITests */,
			);
		};
/* End PBXProject section */

/* Begin PBXResourcesBuildPhase section */
		5A237B722AF65FC9006C64DB /* Resources */ = {
			isa = PBXResourcesBuildPhase;
			buildActionMask = 2147483647;
			files = (
				5A237BB52AF66BD0006C64DB /* ProductViewController.storyboard in Resources */,
				5A237B802AF65FCB006C64DB /* Preview Assets.xcassets in Resources */,
				5A237BB72AF66E21006C64DB /* SKUView.xib in Resources */,
				5A237B7C2AF65FCB006C64DB /* Assets.xcassets in Resources */,
			);
			runOnlyForDeploymentPostprocessing = 0;
		};
		5A237B832AF65FCB006C64DB /* Resources */ = {
			isa = PBXResourcesBuildPhase;
			buildActionMask = 2147483647;
			files = (
			);
			runOnlyForDeploymentPostprocessing = 0;
		};
		5A237B8D2AF65FCB006C64DB /* Resources */ = {
			isa = PBXResourcesBuildPhase;
			buildActionMask = 2147483647;
			files = (
			);
			runOnlyForDeploymentPostprocessing = 0;
		};
/* End PBXResourcesBuildPhase section */

/* Begin PBXShellScriptBuildPhase section */
		2A2A40649F3E43667DC1569A /* [CP] Embed Pods Frameworks */ = {
			isa = PBXShellScriptBuildPhase;
			buildActionMask = 2147483647;
			files = (
			);
			inputFileListPaths = (
				"${PODS_ROOT}/Target Support Files/Pods-SimpleViewModel/Pods-SimpleViewModel-frameworks-${CONFIGURATION}-input-files.xcfilelist",
			);
			name = "[CP] Embed Pods Frameworks";
			outputFileListPaths = (
				"${PODS_ROOT}/Target Support Files/Pods-SimpleViewModel/Pods-SimpleViewModel-frameworks-${CONFIGURATION}-output-files.xcfilelist",
			);
			runOnlyForDeploymentPostprocessing = 0;
			shellPath = /bin/sh;
			shellScript = "\"${PODS_ROOT}/Target Support Files/Pods-SimpleViewModel/Pods-SimpleViewModel-frameworks.sh\"\n";
			showEnvVarsInLog = 0;
		};
		4E1F9F0ABEC20B160E6E3060 /* [CP] Embed Pods Frameworks */ = {
			isa = PBXShellScriptBuildPhase;
			buildActionMask = 2147483647;
			files = (
			);
			inputFileListPaths = (
				"${PODS_ROOT}/Target Support Files/Pods-SimpleViewModelTests/Pods-SimpleViewModelTests-frameworks-${CONFIGURATION}-input-files.xcfilelist",
			);
			name = "[CP] Embed Pods Frameworks";
			outputFileListPaths = (
				"${PODS_ROOT}/Target Support Files/Pods-SimpleViewModelTests/Pods-SimpleViewModelTests-frameworks-${CONFIGURATION}-output-files.xcfilelist",
			);
			runOnlyForDeploymentPostprocessing = 0;
			shellPath = /bin/sh;
			shellScript = "\"${PODS_ROOT}/Target Support Files/Pods-SimpleViewModelTests/Pods-SimpleViewModelTests-frameworks.sh\"\n";
			showEnvVarsInLog = 0;
		};
		645F35974711B7687461EF24 /* [CP] Check Pods Manifest.lock */ = {
			isa = PBXShellScriptBuildPhase;
			buildActionMask = 2147483647;
			files = (
			);
			inputFileListPaths = (
			);
			inputPaths = (
				"${PODS_PODFILE_DIR_PATH}/Podfile.lock",
				"${PODS_ROOT}/Manifest.lock",
			);
			name = "[CP] Check Pods Manifest.lock";
			outputFileListPaths = (
			);
			outputPaths = (
				"$(DERIVED_FILE_DIR)/Pods-SimpleViewModelTests-checkManifestLockResult.txt",
			);
			runOnlyForDeploymentPostprocessing = 0;
			shellPath = /bin/sh;
			shellScript = "diff \"${PODS_PODFILE_DIR_PATH}/Podfile.lock\" \"${PODS_ROOT}/Manifest.lock\" > /dev/null\nif [ $? != 0 ] ; then\n    # print error to STDERR\n    echo \"error: The sandbox is not in sync with the Podfile.lock. Run 'pod install' or update your CocoaPods installation.\" >&2\n    exit 1\nfi\n# This output is used by Xcode 'outputs' to avoid re-running this script phase.\necho \"SUCCESS\" > \"${SCRIPT_OUTPUT_FILE_0}\"\n";
			showEnvVarsInLog = 0;
		};
		D2591E8146D8B8AB07B45C0C /* [CP] Check Pods Manifest.lock */ = {
			isa = PBXShellScriptBuildPhase;
			buildActionMask = 2147483647;
			files = (
			);
			inputFileListPaths = (
			);
			inputPaths = (
				"${PODS_PODFILE_DIR_PATH}/Podfile.lock",
				"${PODS_ROOT}/Manifest.lock",
			);
			name = "[CP] Check Pods Manifest.lock";
			outputFileListPaths = (
			);
			outputPaths = (
				"$(DERIVED_FILE_DIR)/Pods-SimpleViewModel-checkManifestLockResult.txt",
			);
			runOnlyForDeploymentPostprocessing = 0;
			shellPath = /bin/sh;
			shellScript = "diff \"${PODS_PODFILE_DIR_PATH}/Podfile.lock\" \"${PODS_ROOT}/Manifest.lock\" > /dev/null\nif [ $? != 0 ] ; then\n    # print error to STDERR\n    echo \"error: The sandbox is not in sync with the Podfile.lock. Run 'pod install' or update your CocoaPods installation.\" >&2\n    exit 1\nfi\n# This output is used by Xcode 'outputs' to avoid re-running this script phase.\necho \"SUCCESS\" > \"${SCRIPT_OUTPUT_FILE_0}\"\n";
			showEnvVarsInLog = 0;
		};
/* End PBXShellScriptBuildPhase section */

/* Begin PBXSourcesBuildPhase section */
		5A237B702AF65FC9006C64DB /* Sources */ = {
			isa = PBXSourcesBuildPhase;
			buildActionMask = 2147483647;
			files = (
				5A237BBE2AF66F80006C64DB /* ViewIdentifiable.swift in Sources */,
				5A237BBC2AF66F46006C64DB /* UIView+Extensions.swift in Sources */,
				5A7D9EB32AF7F01F00259341 /* AppError.swift in Sources */,
				5A237BB92AF66E4B006C64DB /* SKUView.swift in Sources */,
				5A237B7A2AF65FC9006C64DB /* ContentView.swift in Sources */,
				5A237BA42AF66097006C64DB /* ViewModel.swift in Sources */,
				A26295C82AFAAF5A00DFBAE1 /* FeatureFlags.swift in Sources */,
				9AA578EA2C1D22E5001BBCE6 /* AsyncTask.swift in Sources */,
				5A237BAB2AF66160006C64DB /* Product.swift in Sources */,
				9AA578E42C1CE223001BBCE6 /* CartProvider.swift in Sources */,
				5A237BAF2AF66179006C64DB /* Types.swift in Sources */,
				A26295CD2AFACDA700DFBAE1 /* Debouncer.swift in Sources */,
				5A237BC02AF67009006C64DB /* SKUViewModel.swift in Sources */,
				A28417CE2AF74CD200589D77 /* UIStackView+Extensions.swift in Sources */,
				A26295C62AFAAE4800DFBAE1 /* Cart.swift in Sources */,
				A28417C82AF7468500589D77 /* Assembly.swift in Sources */,
				A26295C42AFAAC2300DFBAE1 /* CheckoutService.swift in Sources */,
				9AA578E22C1CE201001BBCE6 /* CartService.swift in Sources */,
				5A237BA72AF660E8006C64DB /* ProductViewModel.swift in Sources */,
				5A237B782AF65FC9006C64DB /* SimpleViewModelApp.swift in Sources */,
				A26295D12AFAD37D00DFBAE1 /* Array+Extensions.swift in Sources */,
				5A237BB12AF661A5006C64DB /* ProductViewController.swift in Sources */,
				5A237BC22AF68197006C64DB /* ProductViewController+SwiftUI.swift in Sources */,
				5A237BB32AF66855006C64DB /* ViewModelInterface.swift in Sources */,
				A28417CC2AF7473C00589D77 /* Dependency.swift in Sources */,
				A28417BF2AF73F0500589D77 /* ProductService.swift in Sources */,
				9AA578EE2C1DE03E001BBCE6 /* VMLogger.swift in Sources */,
			);
			runOnlyForDeploymentPostprocessing = 0;
		};
		5A237B812AF65FCB006C64DB /* Sources */ = {
			isa = PBXSourcesBuildPhase;
			buildActionMask = 2147483647;
			files = (
				A26295CB2AFAC8D900DFBAE1 /* TestWaiter.swift in Sources */,
				9AA578E82C1CE6B0001BBCE6 /* TestAssembly.swift in Sources */,
				9AA578E62C1CE329001BBCE6 /* SimpleViewModelAsyncTaskTests.swift in Sources */,
				5A7D9EB12AF7EFC100259341 /* TestViewModelInterface.swift in Sources */,
				5A237B8A2AF65FCB006C64DB /* SimpleViewModelTests.swift in Sources */,
				9AA578EC2C1DDADF001BBCE6 /* SimpleViewModelAsyncTests.swift in Sources */,
			);
			runOnlyForDeploymentPostprocessing = 0;
		};
		5A237B8B2AF65FCB006C64DB /* Sources */ = {
			isa = PBXSourcesBuildPhase;
			buildActionMask = 2147483647;
			files = (
				5A237B942AF65FCB006C64DB /* SimpleViewModelUITests.swift in Sources */,
				5A237B962AF65FCB006C64DB /* SimpleViewModelUITestsLaunchTests.swift in Sources */,
			);
			runOnlyForDeploymentPostprocessing = 0;
		};
/* End PBXSourcesBuildPhase section */

/* Begin PBXTargetDependency section */
		5A237B872AF65FCB006C64DB /* PBXTargetDependency */ = {
			isa = PBXTargetDependency;
			target = 5A237B732AF65FC9006C64DB /* SimpleViewModel */;
			targetProxy = 5A237B862AF65FCB006C64DB /* PBXContainerItemProxy */;
		};
		5A237B912AF65FCB006C64DB /* PBXTargetDependency */ = {
			isa = PBXTargetDependency;
			target = 5A237B732AF65FC9006C64DB /* SimpleViewModel */;
			targetProxy = 5A237B902AF65FCB006C64DB /* PBXContainerItemProxy */;
		};
/* End PBXTargetDependency section */

/* Begin XCBuildConfiguration section */
		5A237B972AF65FCB006C64DB /* Debug */ = {
			isa = XCBuildConfiguration;
			buildSettings = {
				ALWAYS_SEARCH_USER_PATHS = NO;
				ASSETCATALOG_COMPILER_GENERATE_SWIFT_ASSET_SYMBOL_EXTENSIONS = YES;
				CLANG_ANALYZER_NONNULL = YES;
				CLANG_ANALYZER_NUMBER_OBJECT_CONVERSION = YES_AGGRESSIVE;
				CLANG_CXX_LANGUAGE_STANDARD = "gnu++20";
				CLANG_ENABLE_MODULES = YES;
				CLANG_ENABLE_OBJC_ARC = YES;
				CLANG_ENABLE_OBJC_WEAK = YES;
				CLANG_WARN_BLOCK_CAPTURE_AUTORELEASING = YES;
				CLANG_WARN_BOOL_CONVERSION = YES;
				CLANG_WARN_COMMA = YES;
				CLANG_WARN_CONSTANT_CONVERSION = YES;
				CLANG_WARN_DEPRECATED_OBJC_IMPLEMENTATIONS = YES;
				CLANG_WARN_DIRECT_OBJC_ISA_USAGE = YES_ERROR;
				CLANG_WARN_DOCUMENTATION_COMMENTS = YES;
				CLANG_WARN_EMPTY_BODY = YES;
				CLANG_WARN_ENUM_CONVERSION = YES;
				CLANG_WARN_INFINITE_RECURSION = YES;
				CLANG_WARN_INT_CONVERSION = YES;
				CLANG_WARN_NON_LITERAL_NULL_CONVERSION = YES;
				CLANG_WARN_OBJC_IMPLICIT_RETAIN_SELF = YES;
				CLANG_WARN_OBJC_LITERAL_CONVERSION = YES;
				CLANG_WARN_OBJC_ROOT_CLASS = YES_ERROR;
				CLANG_WARN_QUOTED_INCLUDE_IN_FRAMEWORK_HEADER = YES;
				CLANG_WARN_RANGE_LOOP_ANALYSIS = YES;
				CLANG_WARN_STRICT_PROTOTYPES = YES;
				CLANG_WARN_SUSPICIOUS_MOVE = YES;
				CLANG_WARN_UNGUARDED_AVAILABILITY = YES_AGGRESSIVE;
				CLANG_WARN_UNREACHABLE_CODE = YES;
				CLANG_WARN__DUPLICATE_METHOD_MATCH = YES;
				COPY_PHASE_STRIP = NO;
				DEBUG_INFORMATION_FORMAT = dwarf;
				ENABLE_STRICT_OBJC_MSGSEND = YES;
				ENABLE_TESTABILITY = YES;
				ENABLE_USER_SCRIPT_SANDBOXING = YES;
				GCC_C_LANGUAGE_STANDARD = gnu17;
				GCC_DYNAMIC_NO_PIC = NO;
				GCC_NO_COMMON_BLOCKS = YES;
				GCC_OPTIMIZATION_LEVEL = 0;
				GCC_PREPROCESSOR_DEFINITIONS = (
					"DEBUG=1",
					"$(inherited)",
				);
				GCC_WARN_64_TO_32_BIT_CONVERSION = YES;
				GCC_WARN_ABOUT_RETURN_TYPE = YES_ERROR;
				GCC_WARN_UNDECLARED_SELECTOR = YES;
				GCC_WARN_UNINITIALIZED_AUTOS = YES_AGGRESSIVE;
				GCC_WARN_UNUSED_FUNCTION = YES;
				GCC_WARN_UNUSED_VARIABLE = YES;
				LOCALIZATION_PREFERS_STRING_CATALOGS = YES;
				MTL_ENABLE_DEBUG_INFO = INCLUDE_SOURCE;
				MTL_FAST_MATH = YES;
				ONLY_ACTIVE_ARCH = YES;
				SWIFT_ACTIVE_COMPILATION_CONDITIONS = "DEBUG $(inherited)";
				SWIFT_OPTIMIZATION_LEVEL = "-Onone";
			};
			name = Debug;
		};
		5A237B982AF65FCB006C64DB /* Release */ = {
			isa = XCBuildConfiguration;
			buildSettings = {
				ALWAYS_SEARCH_USER_PATHS = NO;
				ASSETCATALOG_COMPILER_GENERATE_SWIFT_ASSET_SYMBOL_EXTENSIONS = YES;
				CLANG_ANALYZER_NONNULL = YES;
				CLANG_ANALYZER_NUMBER_OBJECT_CONVERSION = YES_AGGRESSIVE;
				CLANG_CXX_LANGUAGE_STANDARD = "gnu++20";
				CLANG_ENABLE_MODULES = YES;
				CLANG_ENABLE_OBJC_ARC = YES;
				CLANG_ENABLE_OBJC_WEAK = YES;
				CLANG_WARN_BLOCK_CAPTURE_AUTORELEASING = YES;
				CLANG_WARN_BOOL_CONVERSION = YES;
				CLANG_WARN_COMMA = YES;
				CLANG_WARN_CONSTANT_CONVERSION = YES;
				CLANG_WARN_DEPRECATED_OBJC_IMPLEMENTATIONS = YES;
				CLANG_WARN_DIRECT_OBJC_ISA_USAGE = YES_ERROR;
				CLANG_WARN_DOCUMENTATION_COMMENTS = YES;
				CLANG_WARN_EMPTY_BODY = YES;
				CLANG_WARN_ENUM_CONVERSION = YES;
				CLANG_WARN_INFINITE_RECURSION = YES;
				CLANG_WARN_INT_CONVERSION = YES;
				CLANG_WARN_NON_LITERAL_NULL_CONVERSION = YES;
				CLANG_WARN_OBJC_IMPLICIT_RETAIN_SELF = YES;
				CLANG_WARN_OBJC_LITERAL_CONVERSION = YES;
				CLANG_WARN_OBJC_ROOT_CLASS = YES_ERROR;
				CLANG_WARN_QUOTED_INCLUDE_IN_FRAMEWORK_HEADER = YES;
				CLANG_WARN_RANGE_LOOP_ANALYSIS = YES;
				CLANG_WARN_STRICT_PROTOTYPES = YES;
				CLANG_WARN_SUSPICIOUS_MOVE = YES;
				CLANG_WARN_UNGUARDED_AVAILABILITY = YES_AGGRESSIVE;
				CLANG_WARN_UNREACHABLE_CODE = YES;
				CLANG_WARN__DUPLICATE_METHOD_MATCH = YES;
				COPY_PHASE_STRIP = NO;
				DEBUG_INFORMATION_FORMAT = "dwarf-with-dsym";
				ENABLE_NS_ASSERTIONS = NO;
				ENABLE_STRICT_OBJC_MSGSEND = YES;
				ENABLE_USER_SCRIPT_SANDBOXING = YES;
				GCC_C_LANGUAGE_STANDARD = gnu17;
				GCC_NO_COMMON_BLOCKS = YES;
				GCC_WARN_64_TO_32_BIT_CONVERSION = YES;
				GCC_WARN_ABOUT_RETURN_TYPE = YES_ERROR;
				GCC_WARN_UNDECLARED_SELECTOR = YES;
				GCC_WARN_UNINITIALIZED_AUTOS = YES_AGGRESSIVE;
				GCC_WARN_UNUSED_FUNCTION = YES;
				GCC_WARN_UNUSED_VARIABLE = YES;
				LOCALIZATION_PREFERS_STRING_CATALOGS = YES;
				MTL_ENABLE_DEBUG_INFO = NO;
				MTL_FAST_MATH = YES;
				SWIFT_COMPILATION_MODE = wholemodule;
			};
			name = Release;
		};
		5A237B9A2AF65FCB006C64DB /* Debug */ = {
			isa = XCBuildConfiguration;
			baseConfigurationReference = D9D2E19A8A5AED076275DB4F /* Pods-SimpleViewModel.debug.xcconfig */;
			buildSettings = {
				ASSETCATALOG_COMPILER_APPICON_NAME = AppIcon;
				ASSETCATALOG_COMPILER_GLOBAL_ACCENT_COLOR_NAME = AccentColor;
				CODE_SIGN_ENTITLEMENTS = SimpleViewModel/SimpleViewModel.entitlements;
				CODE_SIGN_STYLE = Automatic;
				CURRENT_PROJECT_VERSION = 6;
				DEVELOPMENT_ASSET_PATHS = "\"SimpleViewModel/Preview Content\"";
				ENABLE_PREVIEWS = YES;
				ENABLE_USER_SCRIPT_SANDBOXING = NO;
				GENERATE_INFOPLIST_FILE = YES;
				"INFOPLIST_KEY_UIApplicationSceneManifest_Generation[sdk=iphoneos*]" = YES;
				"INFOPLIST_KEY_UIApplicationSceneManifest_Generation[sdk=iphonesimulator*]" = YES;
				"INFOPLIST_KEY_UIApplicationSupportsIndirectInputEvents[sdk=iphoneos*]" = YES;
				"INFOPLIST_KEY_UIApplicationSupportsIndirectInputEvents[sdk=iphonesimulator*]" = YES;
				"INFOPLIST_KEY_UILaunchScreen_Generation[sdk=iphoneos*]" = YES;
				"INFOPLIST_KEY_UILaunchScreen_Generation[sdk=iphonesimulator*]" = YES;
				"INFOPLIST_KEY_UIStatusBarStyle[sdk=iphoneos*]" = UIStatusBarStyleDefault;
				"INFOPLIST_KEY_UIStatusBarStyle[sdk=iphonesimulator*]" = UIStatusBarStyleDefault;
				INFOPLIST_KEY_UISupportedInterfaceOrientations_iPad = "UIInterfaceOrientationPortrait UIInterfaceOrientationPortraitUpsideDown UIInterfaceOrientationLandscapeLeft UIInterfaceOrientationLandscapeRight";
				INFOPLIST_KEY_UISupportedInterfaceOrientations_iPhone = "UIInterfaceOrientationPortrait UIInterfaceOrientationLandscapeLeft UIInterfaceOrientationLandscapeRight";
				IPHONEOS_DEPLOYMENT_TARGET = 17.0;
				LD_RUNPATH_SEARCH_PATHS = "@executable_path/Frameworks";
				"LD_RUNPATH_SEARCH_PATHS[sdk=macosx*]" = "@executable_path/../Frameworks";
				MACOSX_DEPLOYMENT_TARGET = 14.0;
				MARKETING_VERSION = 1.4;
				PRODUCT_BUNDLE_IDENTIFIER = com.bithead.SimpleViewModel;
				PRODUCT_NAME = "$(TARGET_NAME)";
				SDKROOT = auto;
				SUPPORTED_PLATFORMS = "iphoneos iphonesimulator macosx";
				SWIFT_EMIT_LOC_STRINGS = YES;
				SWIFT_VERSION = 5.0;
				TARGETED_DEVICE_FAMILY = "1,2";
			};
			name = Debug;
		};
		5A237B9B2AF65FCB006C64DB /* Release */ = {
			isa = XCBuildConfiguration;
			baseConfigurationReference = 50E24F6DAC70CBFB8A7E371A /* Pods-SimpleViewModel.release.xcconfig */;
			buildSettings = {
				ASSETCATALOG_COMPILER_APPICON_NAME = AppIcon;
				ASSETCATALOG_COMPILER_GLOBAL_ACCENT_COLOR_NAME = AccentColor;
				CODE_SIGN_ENTITLEMENTS = SimpleViewModel/SimpleViewModel.entitlements;
				CODE_SIGN_STYLE = Automatic;
				CURRENT_PROJECT_VERSION = 6;
				DEVELOPMENT_ASSET_PATHS = "\"SimpleViewModel/Preview Content\"";
				ENABLE_PREVIEWS = YES;
				ENABLE_USER_SCRIPT_SANDBOXING = NO;
				GENERATE_INFOPLIST_FILE = YES;
				"INFOPLIST_KEY_UIApplicationSceneManifest_Generation[sdk=iphoneos*]" = YES;
				"INFOPLIST_KEY_UIApplicationSceneManifest_Generation[sdk=iphonesimulator*]" = YES;
				"INFOPLIST_KEY_UIApplicationSupportsIndirectInputEvents[sdk=iphoneos*]" = YES;
				"INFOPLIST_KEY_UIApplicationSupportsIndirectInputEvents[sdk=iphonesimulator*]" = YES;
				"INFOPLIST_KEY_UILaunchScreen_Generation[sdk=iphoneos*]" = YES;
				"INFOPLIST_KEY_UILaunchScreen_Generation[sdk=iphonesimulator*]" = YES;
				"INFOPLIST_KEY_UIStatusBarStyle[sdk=iphoneos*]" = UIStatusBarStyleDefault;
				"INFOPLIST_KEY_UIStatusBarStyle[sdk=iphonesimulator*]" = UIStatusBarStyleDefault;
				INFOPLIST_KEY_UISupportedInterfaceOrientations_iPad = "UIInterfaceOrientationPortrait UIInterfaceOrientationPortraitUpsideDown UIInterfaceOrientationLandscapeLeft UIInterfaceOrientationLandscapeRight";
				INFOPLIST_KEY_UISupportedInterfaceOrientations_iPhone = "UIInterfaceOrientationPortrait UIInterfaceOrientationLandscapeLeft UIInterfaceOrientationLandscapeRight";
				IPHONEOS_DEPLOYMENT_TARGET = 17.0;
				LD_RUNPATH_SEARCH_PATHS = "@executable_path/Frameworks";
				"LD_RUNPATH_SEARCH_PATHS[sdk=macosx*]" = "@executable_path/../Frameworks";
				MACOSX_DEPLOYMENT_TARGET = 14.0;
				MARKETING_VERSION = 1.4;
				PRODUCT_BUNDLE_IDENTIFIER = com.bithead.SimpleViewModel;
				PRODUCT_NAME = "$(TARGET_NAME)";
				SDKROOT = auto;
				SUPPORTED_PLATFORMS = "iphoneos iphonesimulator macosx";
				SWIFT_EMIT_LOC_STRINGS = YES;
				SWIFT_VERSION = 5.0;
				TARGETED_DEVICE_FAMILY = "1,2";
			};
			name = Release;
		};
		5A237B9D2AF65FCB006C64DB /* Debug */ = {
			isa = XCBuildConfiguration;
			baseConfigurationReference = C45C2677D817F53D954C2224 /* Pods-SimpleViewModelTests.debug.xcconfig */;
			buildSettings = {
				ALWAYS_EMBED_SWIFT_STANDARD_LIBRARIES = YES;
				BUNDLE_LOADER = "$(TEST_HOST)";
				CODE_SIGN_STYLE = Automatic;
				CURRENT_PROJECT_VERSION = 1;
				ENABLE_USER_SCRIPT_SANDBOXING = NO;
				GENERATE_INFOPLIST_FILE = YES;
				IPHONEOS_DEPLOYMENT_TARGET = 17.0;
				MACOSX_DEPLOYMENT_TARGET = 14.0;
				MARKETING_VERSION = 1.0;
				PRODUCT_BUNDLE_IDENTIFIER = com.bithead.SimpleViewModelTests;
				PRODUCT_NAME = "$(TARGET_NAME)";
				SDKROOT = auto;
				SUPPORTED_PLATFORMS = "iphoneos iphonesimulator macosx";
				SWIFT_EMIT_LOC_STRINGS = NO;
				SWIFT_VERSION = 5.0;
				TARGETED_DEVICE_FAMILY = "1,2";
				TEST_HOST = "$(BUILT_PRODUCTS_DIR)/SimpleViewModel.app/$(BUNDLE_EXECUTABLE_FOLDER_PATH)/SimpleViewModel";
			};
			name = Debug;
		};
		5A237B9E2AF65FCB006C64DB /* Release */ = {
			isa = XCBuildConfiguration;
			baseConfigurationReference = 87EFCB4A5B7B44A5D606D3E5 /* Pods-SimpleViewModelTests.release.xcconfig */;
			buildSettings = {
				ALWAYS_EMBED_SWIFT_STANDARD_LIBRARIES = YES;
				BUNDLE_LOADER = "$(TEST_HOST)";
				CODE_SIGN_STYLE = Automatic;
				CURRENT_PROJECT_VERSION = 1;
				ENABLE_USER_SCRIPT_SANDBOXING = NO;
				GENERATE_INFOPLIST_FILE = YES;
				IPHONEOS_DEPLOYMENT_TARGET = 17.0;
				MACOSX_DEPLOYMENT_TARGET = 14.0;
				MARKETING_VERSION = 1.0;
				PRODUCT_BUNDLE_IDENTIFIER = com.bithead.SimpleViewModelTests;
				PRODUCT_NAME = "$(TARGET_NAME)";
				SDKROOT = auto;
				SUPPORTED_PLATFORMS = "iphoneos iphonesimulator macosx";
				SWIFT_EMIT_LOC_STRINGS = NO;
				SWIFT_VERSION = 5.0;
				TARGETED_DEVICE_FAMILY = "1,2";
				TEST_HOST = "$(BUILT_PRODUCTS_DIR)/SimpleViewModel.app/$(BUNDLE_EXECUTABLE_FOLDER_PATH)/SimpleViewModel";
			};
			name = Release;
		};
		5A237BA02AF65FCB006C64DB /* Debug */ = {
			isa = XCBuildConfiguration;
			buildSettings = {
				ALWAYS_EMBED_SWIFT_STANDARD_LIBRARIES = YES;
				CODE_SIGN_STYLE = Automatic;
				CURRENT_PROJECT_VERSION = 1;
				ENABLE_USER_SCRIPT_SANDBOXING = NO;
				GENERATE_INFOPLIST_FILE = YES;
				IPHONEOS_DEPLOYMENT_TARGET = 17.0;
				MACOSX_DEPLOYMENT_TARGET = 14.0;
				MARKETING_VERSION = 1.0;
				PRODUCT_BUNDLE_IDENTIFIER = com.bithead.SimpleViewModelUITests;
				PRODUCT_NAME = "$(TARGET_NAME)";
				SDKROOT = auto;
				SUPPORTED_PLATFORMS = "iphoneos iphonesimulator macosx";
				SWIFT_EMIT_LOC_STRINGS = NO;
				SWIFT_VERSION = 5.0;
				TARGETED_DEVICE_FAMILY = "1,2";
				TEST_TARGET_NAME = SimpleViewModel;
			};
			name = Debug;
		};
		5A237BA12AF65FCB006C64DB /* Release */ = {
			isa = XCBuildConfiguration;
			buildSettings = {
				ALWAYS_EMBED_SWIFT_STANDARD_LIBRARIES = YES;
				CODE_SIGN_STYLE = Automatic;
				CURRENT_PROJECT_VERSION = 1;
				ENABLE_USER_SCRIPT_SANDBOXING = NO;
				GENERATE_INFOPLIST_FILE = YES;
				IPHONEOS_DEPLOYMENT_TARGET = 17.0;
				MACOSX_DEPLOYMENT_TARGET = 14.0;
				MARKETING_VERSION = 1.0;
				PRODUCT_BUNDLE_IDENTIFIER = com.bithead.SimpleViewModelUITests;
				PRODUCT_NAME = "$(TARGET_NAME)";
				SDKROOT = auto;
				SUPPORTED_PLATFORMS = "iphoneos iphonesimulator macosx";
				SWIFT_EMIT_LOC_STRINGS = NO;
				SWIFT_VERSION = 5.0;
				TARGETED_DEVICE_FAMILY = "1,2";
				TEST_TARGET_NAME = SimpleViewModel;
			};
			name = Release;
		};
/* End XCBuildConfiguration section */

/* Begin XCConfigurationList section */
		5A237B6F2AF65FC9006C64DB /* Build configuration list for PBXProject "SimpleViewModel" */ = {
			isa = XCConfigurationList;
			buildConfigurations = (
				5A237B972AF65FCB006C64DB /* Debug */,
				5A237B982AF65FCB006C64DB /* Release */,
			);
			defaultConfigurationIsVisible = 0;
			defaultConfigurationName = Release;
		};
		5A237B992AF65FCB006C64DB /* Build configuration list for PBXNativeTarget "SimpleViewModel" */ = {
			isa = XCConfigurationList;
			buildConfigurations = (
				5A237B9A2AF65FCB006C64DB /* Debug */,
				5A237B9B2AF65FCB006C64DB /* Release */,
			);
			defaultConfigurationIsVisible = 0;
			defaultConfigurationName = Release;
		};
		5A237B9C2AF65FCB006C64DB /* Build configuration list for PBXNativeTarget "SimpleViewModelTests" */ = {
			isa = XCConfigurationList;
			buildConfigurations = (
				5A237B9D2AF65FCB006C64DB /* Debug */,
				5A237B9E2AF65FCB006C64DB /* Release */,
			);
			defaultConfigurationIsVisible = 0;
			defaultConfigurationName = Release;
		};
		5A237B9F2AF65FCB006C64DB /* Build configuration list for PBXNativeTarget "SimpleViewModelUITests" */ = {
			isa = XCConfigurationList;
			buildConfigurations = (
				5A237BA02AF65FCB006C64DB /* Debug */,
				5A237BA12AF65FCB006C64DB /* Release */,
			);
			defaultConfigurationIsVisible = 0;
			defaultConfigurationName = Release;
		};
/* End XCConfigurationList section */
	};
	rootObject = 5A237B6C2AF65FC9006C64DB /* Project object */;
}
